
Microsoft Visual Studio Solution File, Format Version 12.00
Project("{FAE04EC0-301F-11D3-BF4B-00C04F79EFBC}") = "NovyGorodAsp", "src\Presentation\NovyGorodAsp\NovyGorodAsp.csproj", "{4296A484-0660-45F3-8D5C-E623AF14945C}"
EndProject
Project("{FAE04EC0-301F-11D3-BF4B-00C04F79EFBC}") = "NovyGorod.Domain.Models", "src\Domain\NovyGorod.Domain.Models\NovyGorod.Domain.Models.csproj", "{7F28D8E2-2948-40DC-8B3A-CBA41B4783D0}"
EndProject
Project("{FAE04EC0-301F-11D3-BF4B-00C04F79EFBC}") = "NovyGorod.Infrastructure.DataAccess.EF", "src\Infrastructure\NovyGorod.Infrastructure.DataAccess.EF\NovyGorod.Infrastructure.DataAccess.EF.csproj", "{EC9FA9CF-2ED2-4865-8915-5697D5574739}"
EndProject
Project("{FAE04EC0-301F-11D3-BF4B-00C04F79EFBC}") = "NovyGorod.Application", "src\Application\NovyGorod.Application\NovyGorod.Application.csproj", "{5108CFEB-AC8A-497E-A775-7DDDBEDB1CA6}"
EndProject
Project("{2150E333-8FDC-42A3-9474-1A3956D46DE8}") = "Application", "Application", "{0DE6F7AE-F82E-4870-8B47-34DC9BC7BABA}"
EndProject
Project("{2150E333-8FDC-42A3-9474-1A3956D46DE8}") = "Domain", "Domain", "{5F528C56-FA24-43AE-AC7E-8A80882D2FB5}"
EndProject
Project("{2150E333-8FDC-42A3-9474-1A3956D46DE8}") = "Infrastructure", "Infrastructure", "{AA40FD5A-6786-45BE-BA60-0EB02FD1A1F9}"
EndProject
Project("{2150E333-8FDC-42A3-9474-1A3956D46DE8}") = "Presentation", "Presentation", "{FA73ACB6-D019-48F6-8BFD-8280F974BE5F}"
EndProject
Project("{2150E333-8FDC-42A3-9474-1A3956D46DE8}") = "tools", "tools", "{505C9592-AF2E-48DD-A631-16D9F0721636}"
EndProject
Project("{2150E333-8FDC-42A3-9474-1A3956D46DE8}") = "src", "src", "{9F7746A7-ED32-4CEA-9B15-1CEE7CC453BD}"
EndProject
Project("{FAE04EC0-301F-11D3-BF4B-00C04F79EFBC}") = "NovyGorod.Infrastructure.ModelConfigs", "src\Infrastructure\NovyGorod.Infrastructure.ModelConfigs\NovyGorod.Infrastructure.ModelConfigs.csproj", "{1C2155F9-F44C-4503-96CB-145884694070}"
EndProject
Project("{FAE04EC0-301F-11D3-BF4B-00C04F79EFBC}") = "NovyGorod.Infrastructure.DataAccess.Core", "src\Infrastructure\NovyGorod.Infrastructure.DataAccess.Core\NovyGorod.Infrastructure.DataAccess.Core.csproj", "{9B3B43D7-7123-4CD2-9B8C-DDF355BC1594}"
EndProject
Project("{2150E333-8FDC-42A3-9474-1A3956D46DE8}") = "Common", "Common", "{3AD12FCE-A0F8-4262-AC6F-4E4BD7F4CCAB}"
EndProject
Project("{FAE04EC0-301F-11D3-BF4B-00C04F79EFBC}") = "NovyGorod.Common", "src\Common\NovyGorod.Common\NovyGorod.Common.csproj", "{B7396EE8-25C5-4AEE-8608-EDD75411D527}"
EndProject
Project("{FAE04EC0-301F-11D3-BF4B-00C04F79EFBC}") = "NovyGorod.Domain.Services", "src\Domain\NovyGorod.Domain.Services\NovyGorod.Domain.Services.csproj", "{014A5FD5-E6D1-4608-AC49-C4C1DE3F470C}"
EndProject
Project("{FAE04EC0-301F-11D3-BF4B-00C04F79EFBC}") = "NovyGorod.Domain.EntityAccess", "src\Domain\NovyGorod.Domain.EntityAccess\NovyGorod.Domain.EntityAccess.csproj", "{CCAC068D-E51E-4A7E-85EB-67890761DC74}"
EndProject
Project("{FAE04EC0-301F-11D3-BF4B-00C04F79EFBC}") = "NovyGorod.Application.Contracts", "src\Application\NovyGorod.Application.Contracts\NovyGorod.Application.Contracts.csproj", "{72C531B2-2243-4DDD-BC2E-435B9272E2C9}"
EndProject
Global
	GlobalSection(SolutionConfigurationPlatforms) = preSolution
		Debug|Any CPU = Debug|Any CPU
		Release|Any CPU = Release|Any CPU
	EndGlobalSection
	GlobalSection(ProjectConfigurationPlatforms) = postSolution
		{4296A484-0660-45F3-8D5C-E623AF14945C}.Debug|Any CPU.ActiveCfg = Debug|Any CPU
		{4296A484-0660-45F3-8D5C-E623AF14945C}.Debug|Any CPU.Build.0 = Debug|Any CPU
		{4296A484-0660-45F3-8D5C-E623AF14945C}.Release|Any CPU.ActiveCfg = Release|Any CPU
		{4296A484-0660-45F3-8D5C-E623AF14945C}.Release|Any CPU.Build.0 = Release|Any CPU
		{7F28D8E2-2948-40DC-8B3A-CBA41B4783D0}.Debug|Any CPU.ActiveCfg = Debug|Any CPU
		{7F28D8E2-2948-40DC-8B3A-CBA41B4783D0}.Debug|Any CPU.Build.0 = Debug|Any CPU
		{7F28D8E2-2948-40DC-8B3A-CBA41B4783D0}.Release|Any CPU.ActiveCfg = Release|Any CPU
		{7F28D8E2-2948-40DC-8B3A-CBA41B4783D0}.Release|Any CPU.Build.0 = Release|Any CPU
		{EC9FA9CF-2ED2-4865-8915-5697D5574739}.Debug|Any CPU.ActiveCfg = Debug|Any CPU
		{EC9FA9CF-2ED2-4865-8915-5697D5574739}.Debug|Any CPU.Build.0 = Debug|Any CPU
		{EC9FA9CF-2ED2-4865-8915-5697D5574739}.Release|Any CPU.ActiveCfg = Release|Any CPU
		{EC9FA9CF-2ED2-4865-8915-5697D5574739}.Release|Any CPU.Build.0 = Release|Any CPU
		{5108CFEB-AC8A-497E-A775-7DDDBEDB1CA6}.Debug|Any CPU.ActiveCfg = Debug|Any CPU
		{5108CFEB-AC8A-497E-A775-7DDDBEDB1CA6}.Debug|Any CPU.Build.0 = Debug|Any CPU
		{5108CFEB-AC8A-497E-A775-7DDDBEDB1CA6}.Release|Any CPU.ActiveCfg = Release|Any CPU
		{5108CFEB-AC8A-497E-A775-7DDDBEDB1CA6}.Release|Any CPU.Build.0 = Release|Any CPU
		{1C2155F9-F44C-4503-96CB-145884694070}.Debug|Any CPU.ActiveCfg = Debug|Any CPU
		{1C2155F9-F44C-4503-96CB-145884694070}.Debug|Any CPU.Build.0 = Debug|Any CPU
		{1C2155F9-F44C-4503-96CB-145884694070}.Release|Any CPU.ActiveCfg = Release|Any CPU
		{1C2155F9-F44C-4503-96CB-145884694070}.Release|Any CPU.Build.0 = Release|Any CPU
		{9B3B43D7-7123-4CD2-9B8C-DDF355BC1594}.Debug|Any CPU.ActiveCfg = Debug|Any CPU
		{9B3B43D7-7123-4CD2-9B8C-DDF355BC1594}.Debug|Any CPU.Build.0 = Debug|Any CPU
		{9B3B43D7-7123-4CD2-9B8C-DDF355BC1594}.Release|Any CPU.ActiveCfg = Release|Any CPU
		{9B3B43D7-7123-4CD2-9B8C-DDF355BC1594}.Release|Any CPU.Build.0 = Release|Any CPU
		{B7396EE8-25C5-4AEE-8608-EDD75411D527}.Debug|Any CPU.ActiveCfg = Debug|Any CPU
		{B7396EE8-25C5-4AEE-8608-EDD75411D527}.Debug|Any CPU.Build.0 = Debug|Any CPU
		{B7396EE8-25C5-4AEE-8608-EDD75411D527}.Release|Any CPU.ActiveCfg = Release|Any CPU
		{B7396EE8-25C5-4AEE-8608-EDD75411D527}.Release|Any CPU.Build.0 = Release|Any CPU
		{014A5FD5-E6D1-4608-AC49-C4C1DE3F470C}.Debug|Any CPU.ActiveCfg = Debug|Any CPU
		{014A5FD5-E6D1-4608-AC49-C4C1DE3F470C}.Debug|Any CPU.Build.0 = Debug|Any CPU
		{014A5FD5-E6D1-4608-AC49-C4C1DE3F470C}.Release|Any CPU.ActiveCfg = Release|Any CPU
		{014A5FD5-E6D1-4608-AC49-C4C1DE3F470C}.Release|Any CPU.Build.0 = Release|Any CPU
		{CCAC068D-E51E-4A7E-85EB-67890761DC74}.Debug|Any CPU.ActiveCfg = Debug|Any CPU
		{CCAC068D-E51E-4A7E-85EB-67890761DC74}.Debug|Any CPU.Build.0 = Debug|Any CPU
		{CCAC068D-E51E-4A7E-85EB-67890761DC74}.Release|Any CPU.ActiveCfg = Release|Any CPU
		{CCAC068D-E51E-4A7E-85EB-67890761DC74}.Release|Any CPU.Build.0 = Release|Any CPU
		{72C531B2-2243-4DDD-BC2E-435B9272E2C9}.Debug|Any CPU.ActiveCfg = Debug|Any CPU
		{72C531B2-2243-4DDD-BC2E-435B9272E2C9}.Debug|Any CPU.Build.0 = Debug|Any CPU
		{72C531B2-2243-4DDD-BC2E-435B9272E2C9}.Release|Any CPU.ActiveCfg = Release|Any CPU
		{72C531B2-2243-4DDD-BC2E-435B9272E2C9}.Release|Any CPU.Build.0 = Release|Any CPU
	EndGlobalSection
	GlobalSection(NestedProjects) = preSolution
		{5108CFEB-AC8A-497E-A775-7DDDBEDB1CA6} = {0DE6F7AE-F82E-4870-8B47-34DC9BC7BABA}
		{7F28D8E2-2948-40DC-8B3A-CBA41B4783D0} = {5F528C56-FA24-43AE-AC7E-8A80882D2FB5}
		{EC9FA9CF-2ED2-4865-8915-5697D5574739} = {AA40FD5A-6786-45BE-BA60-0EB02FD1A1F9}
		{4296A484-0660-45F3-8D5C-E623AF14945C} = {FA73ACB6-D019-48F6-8BFD-8280F974BE5F}
		{0DE6F7AE-F82E-4870-8B47-34DC9BC7BABA} = {9F7746A7-ED32-4CEA-9B15-1CEE7CC453BD}
		{5F528C56-FA24-43AE-AC7E-8A80882D2FB5} = {9F7746A7-ED32-4CEA-9B15-1CEE7CC453BD}
		{AA40FD5A-6786-45BE-BA60-0EB02FD1A1F9} = {9F7746A7-ED32-4CEA-9B15-1CEE7CC453BD}
		{FA73ACB6-D019-48F6-8BFD-8280F974BE5F} = {9F7746A7-ED32-4CEA-9B15-1CEE7CC453BD}
		{1C2155F9-F44C-4503-96CB-145884694070} = {AA40FD5A-6786-45BE-BA60-0EB02FD1A1F9}
		{9B3B43D7-7123-4CD2-9B8C-DDF355BC1594} = {AA40FD5A-6786-45BE-BA60-0EB02FD1A1F9}
		{3AD12FCE-A0F8-4262-AC6F-4E4BD7F4CCAB} = {9F7746A7-ED32-4CEA-9B15-1CEE7CC453BD}
		{B7396EE8-25C5-4AEE-8608-EDD75411D527} = {3AD12FCE-A0F8-4262-AC6F-4E4BD7F4CCAB}
		{014A5FD5-E6D1-4608-AC49-C4C1DE3F470C} = {5F528C56-FA24-43AE-AC7E-8A80882D2FB5}
		{CCAC068D-E51E-4A7E-85EB-67890761DC74} = {5F528C56-FA24-43AE-AC7E-8A80882D2FB5}
		{72C531B2-2243-4DDD-BC2E-435B9272E2C9} = {0DE6F7AE-F82E-4870-8B47-34DC9BC7BABA}
	EndGlobalSection
EndGlobal
